{
  "name": "HikaeMe",
  "lockfileVersion": 3,
  "requires": true,
  "packages": {
    "": {
      "dependencies": {
        "@algolia/client-search": "^5.29.0",
        "algoliasearch": "^5.29.0",
        "instantsearch.js": "^4.79.0"
      },
      "devDependencies": {
        "husky": "^9.1.7",
        "lint-staged": "^16.1.2",
        "npm-check-updates": "^18.0.1",
        "prettier": "^3.5.3",
        "prettier-plugin-go-template": "^0.0.15"
      }
    },
    "node_modules/@algolia/client-abtesting": {
      "version": "5.29.0",
      "resolved": "https://registry.npmjs.org/@algolia/client-abtesting/-/client-abtesting-5.29.0.tgz",
      "integrity": "sha512-AM/6LYMSTnZvAT5IarLEKjYWOdV+Fb+LVs8JRq88jn8HH6bpVUtjWdOZXqX1hJRXuCAY8SdQfb7F8uEiMNXdYQ==",
      "license": "MIT",
      "dependencies": {
        "@algolia/client-common": "5.29.0",
        "@algolia/requester-browser-xhr": "5.29.0",
        "@algolia/requester-fetch": "5.29.0",
        "@algolia/requester-node-http": "5.29.0"
      },
      "engines": {
        "node": ">= 14.0.0"
      }
    },
    "node_modules/@algolia/client-analytics": {
      "version": "5.29.0",
      "resolved": "https://registry.npmjs.org/@algolia/client-analytics/-/client-analytics-5.29.0.tgz",
      "integrity": "sha512-La34HJh90l0waw3wl5zETO8TuukeUyjcXhmjYZL3CAPLggmKv74mobiGRIb+mmBENybiFDXf/BeKFLhuDYWMMQ==",
      "license": "MIT",
      "dependencies": {
        "@algolia/client-common": "5.29.0",
        "@algolia/requester-browser-xhr": "5.29.0",
        "@algolia/requester-fetch": "5.29.0",
        "@algolia/requester-node-http": "5.29.0"
      },
      "engines": {
        "node": ">= 14.0.0"
      }
    },
    "node_modules/@algolia/client-common": {
      "version": "5.29.0",
      "resolved": "https://registry.npmjs.org/@algolia/client-common/-/client-common-5.29.0.tgz",
      "integrity": "sha512-T0lzJH/JiCxQYtCcnWy7Jf1w/qjGDXTi2npyF9B9UsTvXB97GRC6icyfXxe21mhYvhQcaB1EQ/J2575FXxi2rA==",
      "license": "MIT",
      "engines": {
        "node": ">= 14.0.0"
      }
    },
    "node_modules/@algolia/client-insights": {
      "version": "5.29.0",
      "resolved": "https://registry.npmjs.org/@algolia/client-insights/-/client-insights-5.29.0.tgz",
      "integrity": "sha512-A39F1zmHY9aev0z4Rt3fTLcGN5AG1VsVUkVWy6yQG5BRDScktH+U5m3zXwThwniBTDV1HrPgiGHZeWb67GkR2Q==",
      "license": "MIT",
      "dependencies": {
        "@algolia/client-common": "5.29.0",
        "@algolia/requester-browser-xhr": "5.29.0",
        "@algolia/requester-fetch": "5.29.0",
        "@algolia/requester-node-http": "5.29.0"
      },
      "engines": {
        "node": ">= 14.0.0"
      }
    },
    "node_modules/@algolia/client-personalization": {
      "version": "5.29.0",
      "resolved": "https://registry.npmjs.org/@algolia/client-personalization/-/client-personalization-5.29.0.tgz",
      "integrity": "sha512-ibxmh2wKKrzu5du02gp8CLpRMeo+b/75e4ORct98CT7mIxuYFXowULwCd6cMMkz/R0LpKXIbTUl15UL5soaiUQ==",
      "license": "MIT",
      "dependencies": {
        "@algolia/client-common": "5.29.0",
        "@algolia/requester-browser-xhr": "5.29.0",
        "@algolia/requester-fetch": "5.29.0",
        "@algolia/requester-node-http": "5.29.0"
      },
      "engines": {
        "node": ">= 14.0.0"
      }
    },
    "node_modules/@algolia/client-query-suggestions": {
      "version": "5.29.0",
      "resolved": "https://registry.npmjs.org/@algolia/client-query-suggestions/-/client-query-suggestions-5.29.0.tgz",
      "integrity": "sha512-VZq4/AukOoJC2WSwF6J5sBtt+kImOoBwQc1nH3tgI+cxJBg7B77UsNC+jT6eP2dQCwGKBBRTmtPLUTDDnHpMgA==",
      "license": "MIT",
      "dependencies": {
        "@algolia/client-common": "5.29.0",
        "@algolia/requester-browser-xhr": "5.29.0",
        "@algolia/requester-fetch": "5.29.0",
        "@algolia/requester-node-http": "5.29.0"
      },
      "engines": {
        "node": ">= 14.0.0"
      }
    },
    "node_modules/@algolia/client-search": {
      "version": "5.29.0",
      "resolved": "https://registry.npmjs.org/@algolia/client-search/-/client-search-5.29.0.tgz",
      "integrity": "sha512-cZ0Iq3OzFUPpgszzDr1G1aJV5UMIZ4VygJ2Az252q4Rdf5cQMhYEIKArWY/oUjMhQmosM8ygOovNq7gvA9CdCg==",
      "license": "MIT",
      "dependencies": {
        "@algolia/client-common": "5.29.0",
        "@algolia/requester-browser-xhr": "5.29.0",
        "@algolia/requester-fetch": "5.29.0",
        "@algolia/requester-node-http": "5.29.0"
      },
      "engines": {
        "node": ">= 14.0.0"
      }
    },
    "node_modules/@algolia/events": {
      "version": "4.0.1",
      "resolved": "https://registry.npmjs.org/@algolia/events/-/events-4.0.1.tgz",
      "integrity": "sha512-FQzvOCgoFXAbf5Y6mYozw2aj5KCJoA3m4heImceldzPSMbdyS4atVjJzXKMsfX3wnZTFYwkkt8/z8UesLHlSBQ==",
      "license": "MIT"
    },
    "node_modules/@algolia/ingestion": {
      "version": "1.29.0",
      "resolved": "https://registry.npmjs.org/@algolia/ingestion/-/ingestion-1.29.0.tgz",
      "integrity": "sha512-scBXn0wO5tZCxmO6evfa7A3bGryfyOI3aoXqSQBj5SRvNYXaUlFWQ/iKI70gRe/82ICwE0ICXbHT/wIvxOW7vw==",
      "license": "MIT",
      "dependencies": {
        "@algolia/client-common": "5.29.0",
        "@algolia/requester-browser-xhr": "5.29.0",
        "@algolia/requester-fetch": "5.29.0",
        "@algolia/requester-node-http": "5.29.0"
      },
      "engines": {
        "node": ">= 14.0.0"
      }
    },
    "node_modules/@algolia/monitoring": {
      "version": "1.29.0",
      "resolved": "https://registry.npmjs.org/@algolia/monitoring/-/monitoring-1.29.0.tgz",
      "integrity": "sha512-FGWWG9jLFhsKB7YiDjM2dwQOYnWu//7Oxrb2vT96N7+s+hg1mdHHfHNRyEudWdxd4jkMhBjeqNA21VbTiOIPVg==",
      "license": "MIT",
      "dependencies": {
        "@algolia/client-common": "5.29.0",
        "@algolia/requester-browser-xhr": "5.29.0",
        "@algolia/requester-fetch": "5.29.0",
        "@algolia/requester-node-http": "5.29.0"
      },
      "engines": {
        "node": ">= 14.0.0"
      }
    },
    "node_modules/@algolia/recommend": {
      "version": "5.29.0",
      "resolved": "https://registry.npmjs.org/@algolia/recommend/-/recommend-5.29.0.tgz",
      "integrity": "sha512-xte5+mpdfEARAu61KXa4ewpjchoZuJlAlvQb8ptK6hgHlBHDnYooy1bmOFpokaAICrq/H9HpoqNUX71n+3249A==",
      "license": "MIT",
      "dependencies": {
        "@algolia/client-common": "5.29.0",
        "@algolia/requester-browser-xhr": "5.29.0",
        "@algolia/requester-fetch": "5.29.0",
        "@algolia/requester-node-http": "5.29.0"
      },
      "engines": {
        "node": ">= 14.0.0"
      }
    },
    "node_modules/@algolia/requester-browser-xhr": {
      "version": "5.29.0",
      "resolved": "https://registry.npmjs.org/@algolia/requester-browser-xhr/-/requester-browser-xhr-5.29.0.tgz",
      "integrity": "sha512-og+7Em75aPHhahEUScq2HQ3J7ULN63Levtd87BYMpn6Im5d5cNhaC4QAUsXu6LWqxRPgh4G+i+wIb6tVhDhg2A==",
      "license": "MIT",
      "dependencies": {
        "@algolia/client-common": "5.29.0"
      },
      "engines": {
        "node": ">= 14.0.0"
      }
    },
    "node_modules/@algolia/requester-fetch": {
      "version": "5.29.0",
      "resolved": "https://registry.npmjs.org/@algolia/requester-fetch/-/requester-fetch-5.29.0.tgz",
      "integrity": "sha512-JCxapz7neAy8hT/nQpCvOrI5JO8VyQ1kPvBiaXWNC1prVq0UMYHEL52o1BsPvtXfdQ7BVq19OIq6TjOI06mV/w==",
      "license": "MIT",
      "dependencies": {
        "@algolia/client-common": "5.29.0"
      },
      "engines": {
        "node": ">= 14.0.0"
      }
    },
    "node_modules/@algolia/requester-node-http": {
      "version": "5.29.0",
      "resolved": "https://registry.npmjs.org/@algolia/requester-node-http/-/requester-node-http-5.29.0.tgz",
      "integrity": "sha512-lVBD81RBW5VTdEYgnzCz7Pf9j2H44aymCP+/eHGJu4vhU+1O8aKf3TVBgbQr5UM6xoe8IkR/B112XY6YIG2vtg==",
      "license": "MIT",
      "dependencies": {
        "@algolia/client-common": "5.29.0"
      },
      "engines": {
        "node": ">= 14.0.0"
      }
    },
    "node_modules/@babel/runtime": {
      "version": "7.27.6",
      "resolved": "https://registry.npmjs.org/@babel/runtime/-/runtime-7.27.6.tgz",
      "integrity": "sha512-vbavdySgbTTrmFE+EsiqUTzlOr5bzlnJtUv9PynGCAKvfQqjIXbvFdumPM/GxMDfyuGMJaJAU6TO4zc1Jf1i8Q==",
      "license": "MIT",
      "engines": {
        "node": ">=6.9.0"
      }
    },
    "node_modules/@types/dom-speech-recognition": {
      "version": "0.0.1",
      "license": "MIT"
    },
    "node_modules/@types/google.maps": {
      "version": "3.58.1",
      "license": "MIT"
    },
    "node_modules/@types/hogan.js": {
      "version": "3.0.5",
      "license": "MIT"
    },
    "node_modules/@types/qs": {
      "version": "6.9.17",
      "license": "MIT"
    },
    "node_modules/abbrev": {
      "version": "1.1.1",
      "license": "ISC"
    },
    "node_modules/algoliasearch": {
      "version": "5.29.0",
      "resolved": "https://registry.npmjs.org/algoliasearch/-/algoliasearch-5.29.0.tgz",
      "integrity": "sha512-E2l6AlTWGznM2e7vEE6T6hzObvEyXukxMOlBmVlMyixZyK1umuO/CiVc6sDBbzVH0oEviCE5IfVY1oZBmccYPQ==",
      "license": "MIT",
      "dependencies": {
        "@algolia/client-abtesting": "5.29.0",
        "@algolia/client-analytics": "5.29.0",
        "@algolia/client-common": "5.29.0",
        "@algolia/client-insights": "5.29.0",
        "@algolia/client-personalization": "5.29.0",
        "@algolia/client-query-suggestions": "5.29.0",
        "@algolia/client-search": "5.29.0",
        "@algolia/ingestion": "1.29.0",
        "@algolia/monitoring": "1.29.0",
        "@algolia/recommend": "5.29.0",
        "@algolia/requester-browser-xhr": "5.29.0",
        "@algolia/requester-fetch": "5.29.0",
        "@algolia/requester-node-http": "5.29.0"
      },
      "engines": {
        "node": ">= 14.0.0"
      }
    },
    "node_modules/algoliasearch-helper": {
      "version": "3.26.0",
      "resolved": "https://registry.npmjs.org/algoliasearch-helper/-/algoliasearch-helper-3.26.0.tgz",
      "integrity": "sha512-Rv2x3GXleQ3ygwhkhJubhhYGsICmShLAiqtUuJTUkr9uOCOXyF2E71LVT4XDnVffbknv8XgScP4U0Oxtgm+hIw==",
      "license": "MIT",
      "dependencies": {
        "@algolia/events": "^4.0.1"
      },
      "peerDependencies": {
        "algoliasearch": ">= 3.1 < 6"
      }
    },
    "node_modules/ansi-escapes": {
      "version": "7.0.0",
      "resolved": "https://registry.npmjs.org/ansi-escapes/-/ansi-escapes-7.0.0.tgz",
      "integrity": "sha512-GdYO7a61mR0fOlAsvC9/rIHf7L96sBc6dEWzeOu+KAea5bZyQRPIpojrVoI4AXGJS/ycu/fBTdLrUkA4ODrvjw==",
      "dev": true,
      "license": "MIT",
      "dependencies": {
        "environment": "^1.0.0"
      },
      "engines": {
        "node": ">=18"
      },
      "funding": {
        "url": "https://github.com/sponsors/sindresorhus"
      }
    },
    "node_modules/ansi-regex": {
      "version": "6.1.0",
      "resolved": "https://registry.npmjs.org/ansi-regex/-/ansi-regex-6.1.0.tgz",
      "integrity": "sha512-7HSX4QQb4CspciLpVFwyRe79O3xsIZDDLER21kERQ71oaPodF8jL725AgJMFAYbooIqolJoRLuM81SpeUkpkvA==",
      "dev": true,
      "license": "MIT",
      "engines": {
        "node": ">=12"
      },
      "funding": {
        "url": "https://github.com/chalk/ansi-regex?sponsor=1"
      }
    },
    "node_modules/ansi-styles": {
      "version": "6.2.1",
      "resolved": "https://registry.npmjs.org/ansi-styles/-/ansi-styles-6.2.1.tgz",
      "integrity": "sha512-bN798gFfQX+viw3R7yrGWRqnrN2oRkEkUjjl4JNn4E8GxxbjtG3FbrEIIY3l8/hrwUwIeCZvi4QuOTP4MErVug==",
      "dev": true,
      "license": "MIT",
      "engines": {
        "node": ">=12"
      },
      "funding": {
        "url": "https://github.com/chalk/ansi-styles?sponsor=1"
      }
    },
    "node_modules/braces": {
      "version": "3.0.3",
      "dev": true,
      "license": "MIT",
      "dependencies": {
        "fill-range": "^7.1.1"
      },
      "engines": {
        "node": ">=8"
      }
    },
    "node_modules/chalk": {
      "version": "5.4.1",
      "dev": true,
      "license": "MIT",
      "engines": {
        "node": "^12.17.0 || ^14.13 || >=16.0.0"
      },
      "funding": {
        "url": "https://github.com/chalk/chalk?sponsor=1"
      }
    },
    "node_modules/cli-cursor": {
      "version": "5.0.0",
      "resolved": "https://registry.npmjs.org/cli-cursor/-/cli-cursor-5.0.0.tgz",
      "integrity": "sha512-aCj4O5wKyszjMmDT4tZj93kxyydN/K5zPWSCe6/0AV/AA1pqe5ZBIw0a2ZfPQV7lL5/yb5HsUreJ6UFAF1tEQw==",
      "dev": true,
      "license": "MIT",
      "dependencies": {
        "restore-cursor": "^5.0.0"
      },
      "engines": {
        "node": ">=18"
      },
      "funding": {
        "url": "https://github.com/sponsors/sindresorhus"
      }
    },
    "node_modules/cli-truncate": {
      "version": "4.0.0",
      "resolved": "https://registry.npmjs.org/cli-truncate/-/cli-truncate-4.0.0.tgz",
      "integrity": "sha512-nPdaFdQ0h/GEigbPClz11D0v/ZJEwxmeVZGeMo3Z5StPtUTkA9o1lD6QwoirYiSDzbcwn2XcjwmCp68W1IS4TA==",
      "dev": true,
      "license": "MIT",
      "dependencies": {
        "slice-ansi": "^5.0.0",
        "string-width": "^7.0.0"
      },
      "engines": {
        "node": ">=18"
      },
      "funding": {
        "url": "https://github.com/sponsors/sindresorhus"
      }
    },
    "node_modules/colorette": {
      "version": "2.0.20",
      "resolved": "https://registry.npmjs.org/colorette/-/colorette-2.0.20.tgz",
      "integrity": "sha512-IfEDxwoWIjkeXL1eXcDiow4UbKjhLdq6/EuSVR9GMN7KVH3r9gQ83e73hsz1Nd1T3ijd5xv1wcWRYO+D6kCI2w==",
      "dev": true,
      "license": "MIT"
    },
    "node_modules/commander": {
      "version": "14.0.0",
      "resolved": "https://registry.npmjs.org/commander/-/commander-14.0.0.tgz",
      "integrity": "sha512-2uM9rYjPvyq39NwLRqaiLtWHyDC1FvryJDa2ATTVims5YAS4PupsEQsDvP14FqhFr0P49CYDugi59xaxJlTXRA==",
      "dev": true,
      "license": "MIT",
      "engines": {
        "node": ">=20"
      }
    },
    "node_modules/debug": {
      "version": "4.4.1",
      "resolved": "https://registry.npmjs.org/debug/-/debug-4.4.1.tgz",
      "integrity": "sha512-KcKCqiftBJcZr++7ykoDIEwSa3XWowTfNPo92BYxjXiyYEVrUQh2aLyhxBCwww+heortUFxEJYcRzosstTEBYQ==",
      "dev": true,
      "license": "MIT",
      "dependencies": {
        "ms": "^2.1.3"
      },
      "engines": {
        "node": ">=6.0"
      },
      "peerDependenciesMeta": {
        "supports-color": {
          "optional": true
        }
      }
    },
    "node_modules/emoji-regex": {
      "version": "10.4.0",
      "resolved": "https://registry.npmjs.org/emoji-regex/-/emoji-regex-10.4.0.tgz",
      "integrity": "sha512-EC+0oUMY1Rqm4O6LLrgjtYDvcVYTy7chDnM4Q7030tP4Kwj3u/pR6gP9ygnp2CJMK5Gq+9Q2oqmrFJAz01DXjw==",
      "dev": true,
      "license": "MIT"
    },
    "node_modules/environment": {
      "version": "1.1.0",
      "resolved": "https://registry.npmjs.org/environment/-/environment-1.1.0.tgz",
      "integrity": "sha512-xUtoPkMggbz0MPyPiIWr1Kp4aeWJjDZ6SMvURhimjdZgsRuDplF5/s9hcgGhyXMhs+6vpnuoiZ2kFiu3FMnS8Q==",
      "dev": true,
      "license": "MIT",
      "engines": {
        "node": ">=18"
      },
      "funding": {
        "url": "https://github.com/sponsors/sindresorhus"
      }
    },
    "node_modules/eventemitter3": {
      "version": "5.0.1",
      "resolved": "https://registry.npmjs.org/eventemitter3/-/eventemitter3-5.0.1.tgz",
      "integrity": "sha512-GWkBvjiSZK87ELrYOSESUYeVIc9mvLLf/nXalMOS5dYrgZq9o5OVkbZAVM06CVxYsCwH9BDZFPlQTlPA1j4ahA==",
      "dev": true,
      "license": "MIT"
    },
    "node_modules/fill-range": {
      "version": "7.1.1",
      "dev": true,
      "license": "MIT",
      "dependencies": {
        "to-regex-range": "^5.0.1"
      },
      "engines": {
        "node": ">=8"
      }
    },
    "node_modules/get-east-asian-width": {
      "version": "1.3.0",
      "resolved": "https://registry.npmjs.org/get-east-asian-width/-/get-east-asian-width-1.3.0.tgz",
      "integrity": "sha512-vpeMIQKxczTD/0s2CdEWHcb0eeJe6TFjxb+J5xgX7hScxqrGuyjmv4c1D4A/gelKfyox0gJJwIHF+fLjeaM8kQ==",
      "dev": true,
      "license": "MIT",
      "engines": {
        "node": ">=18"
      },
      "funding": {
        "url": "https://github.com/sponsors/sindresorhus"
      }
    },
    "node_modules/hogan.js": {
      "version": "3.0.2",
      "dependencies": {
        "mkdirp": "0.3.0",
        "nopt": "1.0.10"
      },
      "bin": {
        "hulk": "bin/hulk"
      }
    },
    "node_modules/htm": {
      "version": "3.1.1",
      "license": "Apache-2.0"
    },
    "node_modules/husky": {
      "version": "9.1.7",
      "dev": true,
      "license": "MIT",
      "bin": {
        "husky": "bin.js"
      },
      "engines": {
        "node": ">=18"
      },
      "funding": {
        "url": "https://github.com/sponsors/typicode"
      }
    },
    "node_modules/instantsearch-ui-components": {
      "version": "0.11.1",
      "license": "MIT",
      "dependencies": {
        "@babel/runtime": "^7.1.2"
      }
    },
    "node_modules/instantsearch.js": {
      "version": "4.79.0",
      "resolved": "https://registry.npmjs.org/instantsearch.js/-/instantsearch.js-4.79.0.tgz",
      "integrity": "sha512-6t9Td/pXNYfJAb1NHv520oQMKHiudPxRuKkNdUCe72xUJmJTlNT2Z4b8Aj1HmDaq0KDUAhxMt73ch+/0Gwknzg==",
      "license": "MIT",
      "dependencies": {
        "@algolia/events": "^4.0.1",
        "@types/dom-speech-recognition": "^0.0.1",
        "@types/google.maps": "^3.55.12",
        "@types/hogan.js": "^3.0.0",
        "@types/qs": "^6.5.3",
        "algoliasearch-helper": "3.26.0",
        "hogan.js": "^3.0.2",
        "htm": "^3.0.0",
        "instantsearch-ui-components": "0.11.1",
        "preact": "^10.10.0",
        "qs": "^6.5.1 < 6.10",
        "search-insights": "^2.17.2"
      },
      "peerDependencies": {
        "algoliasearch": ">= 3.1 < 6"
      }
    },
    "node_modules/is-fullwidth-code-point": {
      "version": "4.0.0",
      "resolved": "https://registry.npmjs.org/is-fullwidth-code-point/-/is-fullwidth-code-point-4.0.0.tgz",
      "integrity": "sha512-O4L094N2/dZ7xqVdrXhh9r1KODPJpFms8B5sGdJLPy664AgvXsreZUyCQQNItZRDlYug4xStLjNp/sz3HvBowQ==",
      "dev": true,
      "license": "MIT",
      "engines": {
        "node": ">=12"
      },
      "funding": {
        "url": "https://github.com/sponsors/sindresorhus"
      }
    },
    "node_modules/is-number": {
      "version": "7.0.0",
      "dev": true,
      "license": "MIT",
      "engines": {
        "node": ">=0.12.0"
      }
    },
    "node_modules/lilconfig": {
      "version": "3.1.3",
      "dev": true,
      "license": "MIT",
      "engines": {
        "node": ">=14"
      },
      "funding": {
        "url": "https://github.com/sponsors/antonk52"
      }
    },
    "node_modules/lint-staged": {
      "version": "16.1.2",
      "resolved": "https://registry.npmjs.org/lint-staged/-/lint-staged-16.1.2.tgz",
      "integrity": "sha512-sQKw2Si2g9KUZNY3XNvRuDq4UJqpHwF0/FQzZR2M7I5MvtpWvibikCjUVJzZdGE0ByurEl3KQNvsGetd1ty1/Q==",
      "dev": true,
      "license": "MIT",
      "dependencies": {
        "chalk": "^5.4.1",
        "commander": "^14.0.0",
        "debug": "^4.4.1",
        "lilconfig": "^3.1.3",
        "listr2": "^8.3.3",
        "micromatch": "^4.0.8",
        "nano-spawn": "^1.0.2",
        "pidtree": "^0.6.0",
        "string-argv": "^0.3.2",
        "yaml": "^2.8.0"
      },
      "bin": {
        "lint-staged": "bin/lint-staged.js"
      },
      "engines": {
        "node": ">=20.17"
      },
      "funding": {
        "url": "https://opencollective.com/lint-staged"
      }
    },
    "node_modules/listr2": {
      "version": "8.3.3",
      "resolved": "https://registry.npmjs.org/listr2/-/listr2-8.3.3.tgz",
      "integrity": "sha512-LWzX2KsqcB1wqQ4AHgYb4RsDXauQiqhjLk+6hjbaeHG4zpjjVAB6wC/gz6X0l+Du1cN3pUB5ZlrvTbhGSNnUQQ==",
      "dev": true,
      "license": "MIT",
      "dependencies": {
        "cli-truncate": "^4.0.0",
        "colorette": "^2.0.20",
        "eventemitter3": "^5.0.1",
        "log-update": "^6.1.0",
        "rfdc": "^1.4.1",
        "wrap-ansi": "^9.0.0"
      },
      "engines": {
        "node": ">=18.0.0"
      }
    },
    "node_modules/log-update": {
      "version": "6.1.0",
      "resolved": "https://registry.npmjs.org/log-update/-/log-update-6.1.0.tgz",
      "integrity": "sha512-9ie8ItPR6tjY5uYJh8K/Zrv/RMZ5VOlOWvtZdEHYSTFKZfIBPQa9tOAEeAWhd+AnIneLJ22w5fjOYtoutpWq5w==",
      "dev": true,
      "license": "MIT",
      "dependencies": {
        "ansi-escapes": "^7.0.0",
        "cli-cursor": "^5.0.0",
        "slice-ansi": "^7.1.0",
        "strip-ansi": "^7.1.0",
        "wrap-ansi": "^9.0.0"
      },
      "engines": {
        "node": ">=18"
      },
      "funding": {
        "url": "https://github.com/sponsors/sindresorhus"
      }
    },
    "node_modules/log-update/node_modules/is-fullwidth-code-point": {
      "version": "5.0.0",
      "resolved": "https://registry.npmjs.org/is-fullwidth-code-point/-/is-fullwidth-code-point-5.0.0.tgz",
      "integrity": "sha512-OVa3u9kkBbw7b8Xw5F9P+D/T9X+Z4+JruYVNapTjPYZYUznQ5YfWeFkOj606XYYW8yugTfC8Pj0hYqvi4ryAhA==",
      "dev": true,
      "license": "MIT",
      "dependencies": {
        "get-east-asian-width": "^1.0.0"
      },
      "engines": {
        "node": ">=18"
      },
      "funding": {
        "url": "https://github.com/sponsors/sindresorhus"
      }
    },
    "node_modules/log-update/node_modules/slice-ansi": {
      "version": "7.1.0",
      "resolved": "https://registry.npmjs.org/slice-ansi/-/slice-ansi-7.1.0.tgz",
      "integrity": "sha512-bSiSngZ/jWeX93BqeIAbImyTbEihizcwNjFoRUIY/T1wWQsfsm2Vw1agPKylXvQTU7iASGdHhyqRlqQzfz+Htg==",
      "dev": true,
      "license": "MIT",
      "dependencies": {
        "ansi-styles": "^6.2.1",
        "is-fullwidth-code-point": "^5.0.0"
      },
      "engines": {
        "node": ">=18"
      },
      "funding": {
        "url": "https://github.com/chalk/slice-ansi?sponsor=1"
      }
    },
    "node_modules/micromatch": {
      "version": "4.0.8",
      "dev": true,
      "license": "MIT",
      "dependencies": {
        "braces": "^3.0.3",
        "picomatch": "^2.3.1"
      },
      "engines": {
        "node": ">=8.6"
      }
    },
    "node_modules/mimic-function": {
      "version": "5.0.1",
      "resolved": "https://registry.npmjs.org/mimic-function/-/mimic-function-5.0.1.tgz",
      "integrity": "sha512-VP79XUPxV2CigYP3jWwAUFSku2aKqBH7uTAapFWCBqutsbmDo96KY5o8uh6U+/YSIn5OxJnXp73beVkpqMIGhA==",
      "dev": true,
      "license": "MIT",
      "engines": {
        "node": ">=18"
      },
      "funding": {
        "url": "https://github.com/sponsors/sindresorhus"
      }
    },
    "node_modules/mkdirp": {
      "version": "0.3.0",
      "license": "MIT/X11",
      "engines": {
        "node": "*"
      }
    },
    "node_modules/ms": {
      "version": "2.1.3",
      "resolved": "https://registry.npmjs.org/ms/-/ms-2.1.3.tgz",
      "integrity": "sha512-6FlzubTLZG3J2a/NVCAleEhjzq5oxgHyaCU9yYXvcLsvoVaHJq/s5xXI6/XXP6tz7R9xAOtHnSO/tXtF3WRTlA==",
      "dev": true,
      "license": "MIT"
    },
    "node_modules/nano-spawn": {
      "version": "1.0.2",
      "resolved": "https://registry.npmjs.org/nano-spawn/-/nano-spawn-1.0.2.tgz",
      "integrity": "sha512-21t+ozMQDAL/UGgQVBbZ/xXvNO10++ZPuTmKRO8k9V3AClVRht49ahtDjfY8l1q6nSHOrE5ASfthzH3ol6R/hg==",
      "dev": true,
      "license": "MIT",
      "engines": {
        "node": ">=20.17"
      },
      "funding": {
        "url": "https://github.com/sindresorhus/nano-spawn?sponsor=1"
      }
    },
    "node_modules/nopt": {
      "version": "1.0.10",
      "license": "MIT",
      "dependencies": {
        "abbrev": "1"
      },
      "bin": {
        "nopt": "bin/nopt.js"
      }
    },
    "node_modules/npm-check-updates": {
      "version": "18.0.1",
      "resolved": "https://registry.npmjs.org/npm-check-updates/-/npm-check-updates-18.0.1.tgz",
      "integrity": "sha512-MO7mLp/8nm6kZNLLyPgz4gHmr9tLoU+pWPLdXuGAx+oZydBHkHWN0ibTonsrfwC2WEQNIQxuZagYwB67JQpAuw==",
      "dev": true,
      "license": "Apache-2.0",
      "bin": {
        "ncu": "build/cli.js",
        "npm-check-updates": "build/cli.js"
      },
      "engines": {
        "node": "^18.18.0 || >=20.0.0",
        "npm": ">=8.12.1"
      }
    },
    "node_modules/onetime": {
      "version": "7.0.0",
      "resolved": "https://registry.npmjs.org/onetime/-/onetime-7.0.0.tgz",
      "integrity": "sha512-VXJjc87FScF88uafS3JllDgvAm+c/Slfz06lorj2uAY34rlUu0Nt+v8wreiImcrgAjjIHp1rXpTDlLOGw29WwQ==",
      "dev": true,
      "license": "MIT",
      "dependencies": {
        "mimic-function": "^5.0.0"
      },
      "engines": {
        "node": ">=18"
      },
      "funding": {
        "url": "https://github.com/sponsors/sindresorhus"
      }
    },
    "node_modules/picomatch": {
      "version": "2.3.1",
      "dev": true,
      "license": "MIT",
      "engines": {
        "node": ">=8.6"
      },
      "funding": {
        "url": "https://github.com/sponsors/jonschlinkert"
      }
    },
    "node_modules/pidtree": {
      "version": "0.6.0",
      "dev": true,
      "license": "MIT",
      "bin": {
        "pidtree": "bin/pidtree.js"
      },
      "engines": {
        "node": ">=0.10"
      }
    },
    "node_modules/preact": {
      "version": "10.24.3",
      "license": "MIT",
      "funding": {
        "type": "opencollective",
        "url": "https://opencollective.com/preact"
      }
    },
    "node_modules/prettier": {
      "version": "3.5.3",
      "resolved": "https://registry.npmjs.org/prettier/-/prettier-3.5.3.tgz",
      "integrity": "sha512-QQtaxnoDJeAkDvDKWCLiwIXkTgRhwYDEQCghU9Z6q03iyek/rxRh/2lC3HB7P8sWT2xC/y5JDctPLBIGzHKbhw==",
      "dev": true,
      "license": "MIT",
      "bin": {
        "prettier": "bin/prettier.cjs"
      },
      "engines": {
        "node": ">=14"
      },
      "funding": {
        "url": "https://github.com/prettier/prettier?sponsor=1"
      }
    },
    "node_modules/prettier-plugin-go-template": {
      "version": "0.0.15",
      "dev": true,
      "license": "MIT",
      "dependencies": {
        "ulid": "^2.3.0"
      },
      "engines": {
        "node": ">=14.0.0"
      },
      "peerDependencies": {
        "prettier": "^3.0.0"
      }
    },
    "node_modules/qs": {
      "version": "6.9.7",
      "license": "BSD-3-Clause",
      "engines": {
        "node": ">=0.6"
      },
      "funding": {
        "url": "https://github.com/sponsors/ljharb"
      }
    },
    "node_modules/restore-cursor": {
      "version": "5.1.0",
      "resolved": "https://registry.npmjs.org/restore-cursor/-/restore-cursor-5.1.0.tgz",
      "integrity": "sha512-oMA2dcrw6u0YfxJQXm342bFKX/E4sG9rbTzO9ptUcR/e8A33cHuvStiYOwH7fszkZlZ1z/ta9AAoPk2F4qIOHA==",
      "dev": true,
      "license": "MIT",
      "dependencies": {
        "onetime": "^7.0.0",
        "signal-exit": "^4.1.0"
      },
      "engines": {
        "node": ">=18"
      },
      "funding": {
        "url": "https://github.com/sponsors/sindresorhus"
      }
    },
    "node_modules/rfdc": {
      "version": "1.4.1",
      "resolved": "https://registry.npmjs.org/rfdc/-/rfdc-1.4.1.tgz",
      "integrity": "sha512-q1b3N5QkRUWUl7iyylaaj3kOpIT0N2i9MqIEQXP73GVsN9cw3fdx8X63cEmWhJGi2PPCF23Ijp7ktmd39rawIA==",
      "dev": true,
      "license": "MIT"
    },
    "node_modules/search-insights": {
      "version": "2.17.3",
      "license": "MIT"
    },
    "node_modules/signal-exit": {
      "version": "4.1.0",
      "resolved": "https://registry.npmjs.org/signal-exit/-/signal-exit-4.1.0.tgz",
      "integrity": "sha512-bzyZ1e88w9O1iNJbKnOlvYTrWPDl46O1bG0D3XInv+9tkPrxrN8jUUTiFlDkkmKWgn1M6CfIA13SuGqOa9Korw==",
      "dev": true,
      "license": "ISC",
      "engines": {
        "node": ">=14"
      },
      "funding": {
        "url": "https://github.com/sponsors/isaacs"
      }
    },
    "node_modules/slice-ansi": {
      "version": "5.0.0",
      "resolved": "https://registry.npmjs.org/slice-ansi/-/slice-ansi-5.0.0.tgz",
      "integrity": "sha512-FC+lgizVPfie0kkhqUScwRu1O/lF6NOgJmlCgK+/LYxDCTk8sGelYaHDhFcDN+Sn3Cv+3VSa4Byeo+IMCzpMgQ==",
      "dev": true,
      "license": "MIT",
      "dependencies": {
        "ansi-styles": "^6.0.0",
        "is-fullwidth-code-point": "^4.0.0"
      },
      "engines": {
        "node": ">=12"
      },
      "funding": {
        "url": "https://github.com/chalk/slice-ansi?sponsor=1"
      }
    },
    "node_modules/string-argv": {
      "version": "0.3.2",
      "dev": true,
      "license": "MIT",
      "engines": {
        "node": ">=0.6.19"
      }
    },
    "node_modules/string-width": {
      "version": "7.2.0",
      "resolved": "https://registry.npmjs.org/string-width/-/string-width-7.2.0.tgz",
      "integrity": "sha512-tsaTIkKW9b4N+AEj+SVA+WhJzV7/zMhcSu78mLKWSk7cXMOSHsBKFWUs0fWwq8QyK3MgJBQRX6Gbi4kYbdvGkQ==",
      "dev": true,
      "license": "MIT",
      "dependencies": {
        "emoji-regex": "^10.3.0",
        "get-east-asian-width": "^1.0.0",
        "strip-ansi": "^7.1.0"
      },
      "engines": {
        "node": ">=18"
      },
      "funding": {
        "url": "https://github.com/sponsors/sindresorhus"
      }
    },
    "node_modules/strip-ansi": {
      "version": "7.1.0",
      "resolved": "https://registry.npmjs.org/strip-ansi/-/strip-ansi-7.1.0.tgz",
      "integrity": "sha512-iq6eVVI64nQQTRYq2KtEg2d2uU7LElhTJwsH4YzIHZshxlgZms/wIc4VoDQTlG/IvVIrBKG06CrZnp0qv7hkcQ==",
      "dev": true,
      "license": "MIT",
      "dependencies": {
        "ansi-regex": "^6.0.1"
      },
      "engines": {
        "node": ">=12"
      },
      "funding": {
        "url": "https://github.com/chalk/strip-ansi?sponsor=1"
      }
    },
    "node_modules/to-regex-range": {
      "version": "5.0.1",
      "dev": true,
      "license": "MIT",
      "dependencies": {
        "is-number": "^7.0.0"
      },
      "engines": {
        "node": ">=8.0"
      }
    },
    "node_modules/ulid": {
      "version": "2.3.0",
      "dev": true,
      "license": "MIT",
      "bin": {
        "ulid": "bin/cli.js"
      }
    },
    "node_modules/wrap-ansi": {
      "version": "9.0.0",
      "resolved": "https://registry.npmjs.org/wrap-ansi/-/wrap-ansi-9.0.0.tgz",
      "integrity": "sha512-G8ura3S+3Z2G+mkgNRq8dqaFZAuxfsxpBB8OCTGRTCtp+l/v9nbFNmCUP1BZMts3G1142MsZfn6eeUKrr4PD1Q==",
      "dev": true,
      "license": "MIT",
      "dependencies": {
        "ansi-styles": "^6.2.1",
        "string-width": "^7.0.0",
        "strip-ansi": "^7.1.0"
      },
      "engines": {
        "node": ">=18"
      },
      "funding": {
        "url": "https://github.com/chalk/wrap-ansi?sponsor=1"
      }
    },
    "node_modules/yaml": {
      "version": "2.8.0",
      "resolved": "https://registry.npmjs.org/yaml/-/yaml-2.8.0.tgz",
      "integrity": "sha512-4lLa/EcQCB0cJkyts+FpIRx5G/llPxfP6VQU5KByHEhLxY3IJCH0f0Hy1MHI8sClTvsIb8qwRJ6R/ZdlDJ/leQ==",
      "dev": true,
      "license": "ISC",
      "bin": {
        "yaml": "bin.mjs"
      },
      "engines": {
        "node": ">= 14.6"
      }
    }
  }
}
