# This file is generated by running "yarn install" inside your project.
# Manual changes might be lost - proceed with caution!

__metadata:
  version: 8
  cacheKey: 10c0

"@algolia/cache-browser-local-storage@npm:4.24.0":
  version: 4.24.0
  resolution: "@algolia/cache-browser-local-storage@npm:4.24.0"
  dependencies:
    "@algolia/cache-common": "npm:4.24.0"
  checksum: 10c0/68823c3b1c07dab093de98e678e2ff7fcf7a40915a157715f6f51d073e3865086be98cbbe554b7bf9e0514db5dd9e726033e27e566d9e5db059cb5059c3436cc
  languageName: node
  linkType: hard

"@algolia/cache-common@npm:4.24.0":
  version: 4.24.0
  resolution: "@algolia/cache-common@npm:4.24.0"
  checksum: 10c0/ad481ad50d7ea92d0cce525757627f4a647b5373dc6d3cbed6405d05cb83f21a110919e7133e5233d5b13c2c8f59ed9e927efdbc82e70571707709075b07d2c6
  languageName: node
  linkType: hard

"@algolia/cache-in-memory@npm:4.24.0":
  version: 4.24.0
  resolution: "@algolia/cache-in-memory@npm:4.24.0"
  dependencies:
    "@algolia/cache-common": "npm:4.24.0"
  checksum: 10c0/2956600b2722f113373dbb71449f546afb5a0fb1a3d1558a1a3e957b7a630d1f25045c29646c8dbb44cdffe6ff4c9d1219bf63fc9fd8e4d5467381c7150e09f9
  languageName: node
  linkType: hard

"@algolia/client-account@npm:4.24.0":
  version: 4.24.0
  resolution: "@algolia/client-account@npm:4.24.0"
  dependencies:
    "@algolia/client-common": "npm:4.24.0"
    "@algolia/client-search": "npm:4.24.0"
    "@algolia/transporter": "npm:4.24.0"
  checksum: 10c0/3dd52dd692a2194eb45844280e6261192d5a4ef99aec729a09a01da5cf071fd77b37c6d164bf8877823efc1484d576068d76ada764a4f0624238a3475bc199b2
  languageName: node
  linkType: hard

"@algolia/client-analytics@npm:4.24.0":
  version: 4.24.0
  resolution: "@algolia/client-analytics@npm:4.24.0"
  dependencies:
    "@algolia/client-common": "npm:4.24.0"
    "@algolia/client-search": "npm:4.24.0"
    "@algolia/requester-common": "npm:4.24.0"
    "@algolia/transporter": "npm:4.24.0"
  checksum: 10c0/8d02e6d0eb0dcde099832c62fa7d7e9910b2757b4d37e07e1eefb65a12fef7e7ce3d73fda23e8ee02d53953a91efc15086016b1af5e9fea9227dfc0fc61c9f63
  languageName: node
  linkType: hard

"@algolia/client-common@npm:4.24.0":
  version: 4.24.0
  resolution: "@algolia/client-common@npm:4.24.0"
  dependencies:
    "@algolia/requester-common": "npm:4.24.0"
    "@algolia/transporter": "npm:4.24.0"
  checksum: 10c0/9e75d0bb51bb04f099e823e4397d1bac6659e1ecb7c7a73a5eaf9153632d544bd6c62a4961b606490220b236361eb8b7b77a5e4c47f12aefdd2952b14ce2fd18
  languageName: node
  linkType: hard

"@algolia/client-personalization@npm:4.24.0":
  version: 4.24.0
  resolution: "@algolia/client-personalization@npm:4.24.0"
  dependencies:
    "@algolia/client-common": "npm:4.24.0"
    "@algolia/requester-common": "npm:4.24.0"
    "@algolia/transporter": "npm:4.24.0"
  checksum: 10c0/9193e032841ae991ce6dd8c8988608d0d83a6785681abf26055812506aaf070db8d8f44403d0270384ff39530677603d103c330a869a397181d594bebe46b4b0
  languageName: node
  linkType: hard

"@algolia/client-search@npm:4.24.0, @algolia/client-search@npm:^4.24.0":
  version: 4.24.0
  resolution: "@algolia/client-search@npm:4.24.0"
  dependencies:
    "@algolia/client-common": "npm:4.24.0"
    "@algolia/requester-common": "npm:4.24.0"
    "@algolia/transporter": "npm:4.24.0"
  checksum: 10c0/d161235014fa73acc0ff04d737c695b7357c060d31db6d602464b27ba846208c6aeb35b179e76d4c33b51329b77de0c460f6cb21b66d364c18a5534874c7b987
  languageName: node
  linkType: hard

"@algolia/events@npm:^4.0.1":
  version: 4.0.1
  resolution: "@algolia/events@npm:4.0.1"
  checksum: 10c0/f398d815c6ed21ac08f6caadf1e9155add74ac05d99430191c3b1f1335fd91deaf468c6b304e6225c9885d3d44c06037c53def101e33d9c22daff175b2a65ca9
  languageName: node
  linkType: hard

"@algolia/logger-common@npm:4.24.0":
  version: 4.24.0
  resolution: "@algolia/logger-common@npm:4.24.0"
  checksum: 10c0/1ebe93901a2b3ce41696b535d028337c1c6a98a4262868117c16dd603cc8bb106b840e45cf53c08d098cf518e07bedc64a59cc86bef18795dc49031c2c208d31
  languageName: node
  linkType: hard

"@algolia/logger-console@npm:4.24.0":
  version: 4.24.0
  resolution: "@algolia/logger-console@npm:4.24.0"
  dependencies:
    "@algolia/logger-common": "npm:4.24.0"
  checksum: 10c0/fdfa3983e6c38cc7b69d66e1085ac702e009d693bd49d64b27cad9ba4197788a8784529a8ed9c25e6ccd51cc4ad3a2427241ecc322c22ca2c8ce6a8d4d94fe69
  languageName: node
  linkType: hard

"@algolia/recommend@npm:4.24.0":
  version: 4.24.0
  resolution: "@algolia/recommend@npm:4.24.0"
  dependencies:
    "@algolia/cache-browser-local-storage": "npm:4.24.0"
    "@algolia/cache-common": "npm:4.24.0"
    "@algolia/cache-in-memory": "npm:4.24.0"
    "@algolia/client-common": "npm:4.24.0"
    "@algolia/client-search": "npm:4.24.0"
    "@algolia/logger-common": "npm:4.24.0"
    "@algolia/logger-console": "npm:4.24.0"
    "@algolia/requester-browser-xhr": "npm:4.24.0"
    "@algolia/requester-common": "npm:4.24.0"
    "@algolia/requester-node-http": "npm:4.24.0"
    "@algolia/transporter": "npm:4.24.0"
  checksum: 10c0/685fb5c1d85d7b9fd39d9246b49da5be4199fecc144bb350ed92fc191b66e4e1101ee6df9ca857ac5096f587638fa3366e01ddca0258f11000aa092ed68daea3
  languageName: node
  linkType: hard

"@algolia/requester-browser-xhr@npm:4.24.0":
  version: 4.24.0
  resolution: "@algolia/requester-browser-xhr@npm:4.24.0"
  dependencies:
    "@algolia/requester-common": "npm:4.24.0"
  checksum: 10c0/2d277b291bcc0a388f114116879c15a96c057f698b026c32e719b354c2e2e03e05b3c304f45d2354eb4dd8dfa519d481af51ce8ef19b6fb4fd6d384cf41373de
  languageName: node
  linkType: hard

"@algolia/requester-common@npm:4.24.0":
  version: 4.24.0
  resolution: "@algolia/requester-common@npm:4.24.0"
  checksum: 10c0/cf88ca1f04f4243515bbfa05d7cf51afe6a57904390d9e1ccab799bae20f6fa77e954d9eee9d5c718086582aeb478e271ccf1d5a6a5ab943494250dce820268e
  languageName: node
  linkType: hard

"@algolia/requester-node-http@npm:4.24.0":
  version: 4.24.0
  resolution: "@algolia/requester-node-http@npm:4.24.0"
  dependencies:
    "@algolia/requester-common": "npm:4.24.0"
  checksum: 10c0/e9cef1463f29035a44f12941ddeb343a213ff512c61ade46a07db19b2023f49a5ac12024a3f56d8b9c0c5b2bd32466030c5e27b26a6a6e17773b810388ddb3b7
  languageName: node
  linkType: hard

"@algolia/transporter@npm:4.24.0":
  version: 4.24.0
  resolution: "@algolia/transporter@npm:4.24.0"
  dependencies:
    "@algolia/cache-common": "npm:4.24.0"
    "@algolia/logger-common": "npm:4.24.0"
    "@algolia/requester-common": "npm:4.24.0"
  checksum: 10c0/9eee8e6613c8d2a5562e4df284dc7b0804a7bf80586fd8512ad769dc4829f947a334480378d94efd3cc57ca4d400886eb677786a3c5664f85881093f9e27cab7
  languageName: node
  linkType: hard

"@babel/runtime@npm:^7.1.2":
  version: 7.26.0
  resolution: "@babel/runtime@npm:7.26.0"
  dependencies:
    regenerator-runtime: "npm:^0.14.0"
  checksum: 10c0/12c01357e0345f89f4f7e8c0e81921f2a3e3e101f06e8eaa18a382b517376520cd2fa8c237726eb094dab25532855df28a7baaf1c26342b52782f6936b07c287
  languageName: node
  linkType: hard

"@types/dom-speech-recognition@npm:^0.0.1":
  version: 0.0.1
  resolution: "@types/dom-speech-recognition@npm:0.0.1"
  checksum: 10c0/1df9283e40476f82b15cc7691c2f1177a185bf98af63d068f9333fbf4e334d2584b70babe2b9c69fcbe3c74293fcc0d47ce98c5717d8db361e70d88a8fbf9490
  languageName: node
  linkType: hard

"@types/google.maps@npm:^3.55.12":
  version: 3.58.1
  resolution: "@types/google.maps@npm:3.58.1"
  checksum: 10c0/0247c61d2aeb216d04ab9392602ef41d58328c6336ed4e9a4e9e69834002e82c116a34def2bf4ceb31c4292f14899815058da4bb8d803147295c6b47c1162621
  languageName: node
  linkType: hard

"@types/hogan.js@npm:^3.0.0":
  version: 3.0.5
  resolution: "@types/hogan.js@npm:3.0.5"
  checksum: 10c0/04c569884e3bb9a9225a0e94b3be9644d693518bf6a1931fe097407674fe653d8a1755a33f46a981d2bdcac2a83ef042c074f29e107f931b4cf3de3c58467173
  languageName: node
  linkType: hard

"@types/qs@npm:^6.5.3":
  version: 6.9.17
  resolution: "@types/qs@npm:6.9.17"
  checksum: 10c0/a183fa0b3464267f8f421e2d66d960815080e8aab12b9aadab60479ba84183b1cdba8f4eff3c06f76675a8e42fe6a3b1313ea76c74f2885c3e25d32499c17d1b
  languageName: node
  linkType: hard

"abbrev@npm:1":
  version: 1.1.1
  resolution: "abbrev@npm:1.1.1"
  checksum: 10c0/3f762677702acb24f65e813070e306c61fafe25d4b2583f9dfc935131f774863f3addd5741572ed576bd69cabe473c5af18e1e108b829cb7b6b4747884f726e6
  languageName: node
  linkType: hard

"algoliasearch-helper@npm:3.22.5":
  version: 3.22.5
  resolution: "algoliasearch-helper@npm:3.22.5"
  dependencies:
    "@algolia/events": "npm:^4.0.1"
  peerDependencies:
    algoliasearch: ">= 3.1 < 6"
  checksum: 10c0/ac23bf64e8ae4f1388c121cb23ec0d2e2a996e77493a7da8141338e6b60be565c9085363ac7d0277469645474ce61c8a06ecbb6e4f0462736b79f3b1b54031b2
  languageName: node
  linkType: hard

"algoliasearch@npm:^4.24.0":
  version: 4.24.0
  resolution: "algoliasearch@npm:4.24.0"
  dependencies:
    "@algolia/cache-browser-local-storage": "npm:4.24.0"
    "@algolia/cache-common": "npm:4.24.0"
    "@algolia/cache-in-memory": "npm:4.24.0"
    "@algolia/client-account": "npm:4.24.0"
    "@algolia/client-analytics": "npm:4.24.0"
    "@algolia/client-common": "npm:4.24.0"
    "@algolia/client-personalization": "npm:4.24.0"
    "@algolia/client-search": "npm:4.24.0"
    "@algolia/logger-common": "npm:4.24.0"
    "@algolia/logger-console": "npm:4.24.0"
    "@algolia/recommend": "npm:4.24.0"
    "@algolia/requester-browser-xhr": "npm:4.24.0"
    "@algolia/requester-common": "npm:4.24.0"
    "@algolia/requester-node-http": "npm:4.24.0"
    "@algolia/transporter": "npm:4.24.0"
  checksum: 10c0/ef09096619191181f3ea3376ed46b5bb2de1cd7d97a8d016f7cfe8e93c89d34f38cac8db5835314f8d97c939ad007c3dde716c1609953540258352edb25d12c2
  languageName: node
  linkType: hard

"ansi-escapes@npm:^7.0.0":
  version: 7.0.0
  resolution: "ansi-escapes@npm:7.0.0"
  dependencies:
    environment: "npm:^1.0.0"
  checksum: 10c0/86e51e36fabef18c9c004af0a280573e828900641cea35134a124d2715e0c5a473494ab4ce396614505da77638ae290ff72dd8002d9747d2ee53f5d6bbe336be
  languageName: node
  linkType: hard

"ansi-regex@npm:^6.0.1":
  version: 6.1.0
  resolution: "ansi-regex@npm:6.1.0"
  checksum: 10c0/a91daeddd54746338478eef88af3439a7edf30f8e23196e2d6ed182da9add559c601266dbef01c2efa46a958ad6f1f8b176799657616c702b5b02e799e7fd8dc
  languageName: node
  linkType: hard

"ansi-styles@npm:^6.0.0, ansi-styles@npm:^6.2.1":
  version: 6.2.1
  resolution: "ansi-styles@npm:6.2.1"
  checksum: 10c0/5d1ec38c123984bcedd996eac680d548f31828bd679a66db2bdf11844634dde55fec3efa9c6bb1d89056a5e79c1ac540c4c784d592ea1d25028a92227d2f2d5c
  languageName: node
  linkType: hard

"braces@npm:^3.0.3":
  version: 3.0.3
  resolution: "braces@npm:3.0.3"
  dependencies:
    fill-range: "npm:^7.1.1"
  checksum: 10c0/7c6dfd30c338d2997ba77500539227b9d1f85e388a5f43220865201e407e076783d0881f2d297b9f80951b4c957fcf0b51c1d2d24227631643c3f7c284b0aa04
  languageName: node
  linkType: hard

"chalk@npm:~5.3.0":
  version: 5.3.0
  resolution: "chalk@npm:5.3.0"
  checksum: 10c0/8297d436b2c0f95801103ff2ef67268d362021b8210daf8ddbe349695333eb3610a71122172ff3b0272f1ef2cf7cc2c41fdaa4715f52e49ffe04c56340feed09
  languageName: node
  linkType: hard

"cli-cursor@npm:^5.0.0":
  version: 5.0.0
  resolution: "cli-cursor@npm:5.0.0"
  dependencies:
    restore-cursor: "npm:^5.0.0"
  checksum: 10c0/7ec62f69b79f6734ab209a3e4dbdc8af7422d44d360a7cb1efa8a0887bbe466a6e625650c466fe4359aee44dbe2dc0b6994b583d40a05d0808a5cb193641d220
  languageName: node
  linkType: hard

"cli-truncate@npm:^4.0.0":
  version: 4.0.0
  resolution: "cli-truncate@npm:4.0.0"
  dependencies:
    slice-ansi: "npm:^5.0.0"
    string-width: "npm:^7.0.0"
  checksum: 10c0/d7f0b73e3d9b88cb496e6c086df7410b541b56a43d18ade6a573c9c18bd001b1c3fba1ad578f741a4218fdc794d042385f8ac02c25e1c295a2d8b9f3cb86eb4c
  languageName: node
  linkType: hard

"colorette@npm:^2.0.20":
  version: 2.0.20
  resolution: "colorette@npm:2.0.20"
  checksum: 10c0/e94116ff33b0ff56f3b83b9ace895e5bf87c2a7a47b3401b8c3f3226e050d5ef76cf4072fb3325f9dc24d1698f9b730baf4e05eeaf861d74a1883073f4c98a40
  languageName: node
  linkType: hard

"commander@npm:~12.1.0":
  version: 12.1.0
  resolution: "commander@npm:12.1.0"
  checksum: 10c0/6e1996680c083b3b897bfc1cfe1c58dfbcd9842fd43e1aaf8a795fbc237f65efcc860a3ef457b318e73f29a4f4a28f6403c3d653d021d960e4632dd45bde54a9
  languageName: node
  linkType: hard

"cross-spawn@npm:^7.0.3":
  version: 7.0.6
  resolution: "cross-spawn@npm:7.0.6"
  dependencies:
    path-key: "npm:^3.1.0"
    shebang-command: "npm:^2.0.0"
    which: "npm:^2.0.1"
  checksum: 10c0/053ea8b2135caff68a9e81470e845613e374e7309a47731e81639de3eaeb90c3d01af0e0b44d2ab9d50b43467223b88567dfeb3262db942dc063b9976718ffc1
  languageName: node
  linkType: hard

"debug@npm:~4.3.6":
  version: 4.3.7
  resolution: "debug@npm:4.3.7"
  dependencies:
    ms: "npm:^2.1.3"
  peerDependenciesMeta:
    supports-color:
      optional: true
  checksum: 10c0/1471db19c3b06d485a622d62f65947a19a23fbd0dd73f7fd3eafb697eec5360cde447fb075919987899b1a2096e85d35d4eb5a4de09a57600ac9cf7e6c8e768b
  languageName: node
  linkType: hard

"emoji-regex@npm:^10.3.0":
  version: 10.4.0
  resolution: "emoji-regex@npm:10.4.0"
  checksum: 10c0/a3fcedfc58bfcce21a05a5f36a529d81e88d602100145fcca3dc6f795e3c8acc4fc18fe773fbf9b6d6e9371205edb3afa2668ec3473fa2aa7fd47d2a9d46482d
  languageName: node
  linkType: hard

"environment@npm:^1.0.0":
  version: 1.1.0
  resolution: "environment@npm:1.1.0"
  checksum: 10c0/fb26434b0b581ab397039e51ff3c92b34924a98b2039dcb47e41b7bca577b9dbf134a8eadb364415c74464b682e2d3afe1a4c0eb9873dc44ea814c5d3103331d
  languageName: node
  linkType: hard

"eventemitter3@npm:^5.0.1":
  version: 5.0.1
  resolution: "eventemitter3@npm:5.0.1"
  checksum: 10c0/4ba5c00c506e6c786b4d6262cfbce90ddc14c10d4667e5c83ae993c9de88aa856033994dd2b35b83e8dc1170e224e66a319fa80adc4c32adcd2379bbc75da814
  languageName: node
  linkType: hard

"execa@npm:~8.0.1":
  version: 8.0.1
  resolution: "execa@npm:8.0.1"
  dependencies:
    cross-spawn: "npm:^7.0.3"
    get-stream: "npm:^8.0.1"
    human-signals: "npm:^5.0.0"
    is-stream: "npm:^3.0.0"
    merge-stream: "npm:^2.0.0"
    npm-run-path: "npm:^5.1.0"
    onetime: "npm:^6.0.0"
    signal-exit: "npm:^4.1.0"
    strip-final-newline: "npm:^3.0.0"
  checksum: 10c0/2c52d8775f5bf103ce8eec9c7ab3059909ba350a5164744e9947ed14a53f51687c040a250bda833f906d1283aa8803975b84e6c8f7a7c42f99dc8ef80250d1af
  languageName: node
  linkType: hard

"fill-range@npm:^7.1.1":
  version: 7.1.1
  resolution: "fill-range@npm:7.1.1"
  dependencies:
    to-regex-range: "npm:^5.0.1"
  checksum: 10c0/b75b691bbe065472f38824f694c2f7449d7f5004aa950426a2c28f0306c60db9b880c0b0e4ed819997ffb882d1da02cfcfc819bddc94d71627f5269682edf018
  languageName: node
  linkType: hard

"get-east-asian-width@npm:^1.0.0":
  version: 1.3.0
  resolution: "get-east-asian-width@npm:1.3.0"
  checksum: 10c0/1a049ba697e0f9a4d5514c4623781c5246982bdb61082da6b5ae6c33d838e52ce6726407df285cdbb27ec1908b333cf2820989bd3e986e37bb20979437fdf34b
  languageName: node
  linkType: hard

"get-stream@npm:^8.0.1":
  version: 8.0.1
  resolution: "get-stream@npm:8.0.1"
  checksum: 10c0/5c2181e98202b9dae0bb4a849979291043e5892eb40312b47f0c22b9414fc9b28a3b6063d2375705eb24abc41ecf97894d9a51f64ff021511b504477b27b4290
  languageName: node
  linkType: hard

"hogan.js@npm:^3.0.2":
  version: 3.0.2
  resolution: "hogan.js@npm:3.0.2"
  dependencies:
    mkdirp: "npm:0.3.0"
    nopt: "npm:1.0.10"
  bin:
    hulk: ./bin/hulk
  checksum: 10c0/fa5c9d2eaf3fa712e72e67cce5e3435a1c5823282b81051514aefdca7d4b706cc4dbef7a34be19ee320c6ebaf3687d5781f12bc0aac04d3d902aa26861493679
  languageName: node
  linkType: hard

"htm@npm:^3.0.0":
  version: 3.1.1
  resolution: "htm@npm:3.1.1"
  checksum: 10c0/0de4c8fff2b8e76c162235ae80dbf93ca5eef1575bd50596a06ce9bebf1a6da5efc467417c53034a9ffa2ab9ecff819cbec041dc9087894b2b900ad4de26c7e7
  languageName: node
  linkType: hard

"human-signals@npm:^5.0.0":
  version: 5.0.0
  resolution: "human-signals@npm:5.0.0"
  checksum: 10c0/5a9359073fe17a8b58e5a085e9a39a950366d9f00217c4ff5878bd312e09d80f460536ea6a3f260b5943a01fe55c158d1cea3fc7bee3d0520aeef04f6d915c82
  languageName: node
  linkType: hard

"husky@npm:^9.1.4":
  version: 9.1.7
  resolution: "husky@npm:9.1.7"
  bin:
    husky: bin.js
  checksum: 10c0/35bb110a71086c48906aa7cd3ed4913fb913823715359d65e32e0b964cb1e255593b0ae8014a5005c66a68e6fa66c38dcfa8056dbbdfb8b0187c0ffe7ee3a58f
  languageName: node
  linkType: hard

"instantsearch-ui-components@npm:0.9.0":
  version: 0.9.0
  resolution: "instantsearch-ui-components@npm:0.9.0"
  dependencies:
    "@babel/runtime": "npm:^7.1.2"
  checksum: 10c0/92cd53a4a16a488da39cad68de24092e83ab5df7baf5eb7eb4cbe7fe09debf58d2fa7d9bbf5692240696552b5b2c148bbe73d9a4e6c59ae28b4def644285aa38
  languageName: node
  linkType: hard

"instantsearch.js@npm:^4.74.0":
  version: 4.75.5
  resolution: "instantsearch.js@npm:4.75.5"
  dependencies:
    "@algolia/events": "npm:^4.0.1"
    "@types/dom-speech-recognition": "npm:^0.0.1"
    "@types/google.maps": "npm:^3.55.12"
    "@types/hogan.js": "npm:^3.0.0"
    "@types/qs": "npm:^6.5.3"
    algoliasearch-helper: "npm:3.22.5"
    hogan.js: "npm:^3.0.2"
    htm: "npm:^3.0.0"
    instantsearch-ui-components: "npm:0.9.0"
    preact: "npm:^10.10.0"
    qs: "npm:^6.5.1 < 6.10"
    search-insights: "npm:^2.17.2"
  peerDependencies:
    algoliasearch: ">= 3.1 < 6"
  checksum: 10c0/c236f8adfa4de4ef027cf8e04377055af16f5b5c2eddfdbf89dde740d7139611e741e051babdfb0d2263f1073764eec9b2319bf4f85070fdc70f0199138be9e1
  languageName: node
  linkType: hard

"is-fullwidth-code-point@npm:^4.0.0":
  version: 4.0.0
  resolution: "is-fullwidth-code-point@npm:4.0.0"
  checksum: 10c0/df2a717e813567db0f659c306d61f2f804d480752526886954a2a3e2246c7745fd07a52b5fecf2b68caf0a6c79dcdace6166fdf29cc76ed9975cc334f0a018b8
  languageName: node
  linkType: hard

"is-fullwidth-code-point@npm:^5.0.0":
  version: 5.0.0
  resolution: "is-fullwidth-code-point@npm:5.0.0"
  dependencies:
    get-east-asian-width: "npm:^1.0.0"
  checksum: 10c0/cd591b27d43d76b05fa65ed03eddce57a16e1eca0b7797ff7255de97019bcaf0219acfc0c4f7af13319e13541f2a53c0ace476f442b13267b9a6a7568f2b65c8
  languageName: node
  linkType: hard

"is-number@npm:^7.0.0":
  version: 7.0.0
  resolution: "is-number@npm:7.0.0"
  checksum: 10c0/b4686d0d3053146095ccd45346461bc8e53b80aeb7671cc52a4de02dbbf7dc0d1d2a986e2fe4ae206984b4d34ef37e8b795ebc4f4295c978373e6575e295d811
  languageName: node
  linkType: hard

"is-stream@npm:^3.0.0":
  version: 3.0.0
  resolution: "is-stream@npm:3.0.0"
  checksum: 10c0/eb2f7127af02ee9aa2a0237b730e47ac2de0d4e76a4a905a50a11557f2339df5765eaea4ceb8029f1efa978586abe776908720bfcb1900c20c6ec5145f6f29d8
  languageName: node
  linkType: hard

"isexe@npm:^2.0.0":
  version: 2.0.0
  resolution: "isexe@npm:2.0.0"
  checksum: 10c0/228cfa503fadc2c31596ab06ed6aa82c9976eec2bfd83397e7eaf06d0ccf42cd1dfd6743bf9aeb01aebd4156d009994c5f76ea898d2832c1fe342da923ca457d
  languageName: node
  linkType: hard

"lilconfig@npm:~3.1.2":
  version: 3.1.2
  resolution: "lilconfig@npm:3.1.2"
  checksum: 10c0/f059630b1a9bddaeba83059db00c672b64dc14074e9f232adce32b38ca1b5686ab737eb665c5ba3c32f147f0002b4bee7311ad0386a9b98547b5623e87071fbe
  languageName: node
  linkType: hard

"lint-staged@npm:^15.2.9":
  version: 15.2.10
  resolution: "lint-staged@npm:15.2.10"
  dependencies:
    chalk: "npm:~5.3.0"
    commander: "npm:~12.1.0"
    debug: "npm:~4.3.6"
    execa: "npm:~8.0.1"
    lilconfig: "npm:~3.1.2"
    listr2: "npm:~8.2.4"
    micromatch: "npm:~4.0.8"
    pidtree: "npm:~0.6.0"
    string-argv: "npm:~0.3.2"
    yaml: "npm:~2.5.0"
  bin:
    lint-staged: bin/lint-staged.js
  checksum: 10c0/6ad7b41f5e87a84fa2eb1990080ea3c68a2f2031b4e81edcdc2a458cc878538eedb310e6f98ffd878a1287e1a52ac968e540ee8a0e96c247e04b0cbc36421cdd
  languageName: node
  linkType: hard

"listr2@npm:~8.2.4":
  version: 8.2.5
  resolution: "listr2@npm:8.2.5"
  dependencies:
    cli-truncate: "npm:^4.0.0"
    colorette: "npm:^2.0.20"
    eventemitter3: "npm:^5.0.1"
    log-update: "npm:^6.1.0"
    rfdc: "npm:^1.4.1"
    wrap-ansi: "npm:^9.0.0"
  checksum: 10c0/f5a9599514b00c27d7eb32d1117c83c61394b2a985ec20e542c798bf91cf42b19340215701522736f5b7b42f557e544afeadec47866e35e5d4f268f552729671
  languageName: node
  linkType: hard

"log-update@npm:^6.1.0":
  version: 6.1.0
  resolution: "log-update@npm:6.1.0"
  dependencies:
    ansi-escapes: "npm:^7.0.0"
    cli-cursor: "npm:^5.0.0"
    slice-ansi: "npm:^7.1.0"
    strip-ansi: "npm:^7.1.0"
    wrap-ansi: "npm:^9.0.0"
  checksum: 10c0/4b350c0a83d7753fea34dcac6cd797d1dc9603291565de009baa4aa91c0447eab0d3815a05c8ec9ac04fdfffb43c82adcdb03ec1fceafd8518e1a8c1cff4ff89
  languageName: node
  linkType: hard

"merge-stream@npm:^2.0.0":
  version: 2.0.0
  resolution: "merge-stream@npm:2.0.0"
  checksum: 10c0/867fdbb30a6d58b011449b8885601ec1690c3e41c759ecd5a9d609094f7aed0096c37823ff4a7190ef0b8f22cc86beb7049196ff68c016e3b3c671d0dac91ce5
  languageName: node
  linkType: hard

"micromatch@npm:~4.0.8":
  version: 4.0.8
  resolution: "micromatch@npm:4.0.8"
  dependencies:
    braces: "npm:^3.0.3"
    picomatch: "npm:^2.3.1"
  checksum: 10c0/166fa6eb926b9553f32ef81f5f531d27b4ce7da60e5baf8c021d043b27a388fb95e46a8038d5045877881e673f8134122b59624d5cecbd16eb50a42e7a6b5ca8
  languageName: node
  linkType: hard

"mimic-fn@npm:^4.0.0":
  version: 4.0.0
  resolution: "mimic-fn@npm:4.0.0"
  checksum: 10c0/de9cc32be9996fd941e512248338e43407f63f6d497abe8441fa33447d922e927de54d4cc3c1a3c6d652857acd770389d5a3823f311a744132760ce2be15ccbf
  languageName: node
  linkType: hard

"mimic-function@npm:^5.0.0":
  version: 5.0.1
  resolution: "mimic-function@npm:5.0.1"
  checksum: 10c0/f3d9464dd1816ecf6bdf2aec6ba32c0728022039d992f178237d8e289b48764fee4131319e72eedd4f7f094e22ded0af836c3187a7edc4595d28dd74368fd81d
  languageName: node
  linkType: hard

"mkdirp@npm:0.3.0":
  version: 0.3.0
  resolution: "mkdirp@npm:0.3.0"
  checksum: 10c0/cd9e54878490571df79770de1cdceba48ab6682c004616666d23a38315feaf5822d443aeb500ac298a12d7f6f5e11dc05cea3207d500e547d938218bf22d8629
  languageName: node
  linkType: hard

"ms@npm:^2.1.3":
  version: 2.1.3
  resolution: "ms@npm:2.1.3"
  checksum: 10c0/d924b57e7312b3b63ad21fc5b3dc0af5e78d61a1fc7cfb5457edaf26326bf62be5307cc87ffb6862ef1c2b33b0233cdb5d4f01c4c958cc0d660948b65a287a48
  languageName: node
  linkType: hard

"nopt@npm:1.0.10":
  version: 1.0.10
  resolution: "nopt@npm:1.0.10"
  dependencies:
    abbrev: "npm:1"
  bin:
    nopt: ./bin/nopt.js
  checksum: 10c0/ddfbd892116a125fd68849ef564dd5b1f0a5ba0dbbf18782e9499e2efad8f4d3790635b47c6b5d3f7e014069e7b3ce5b8112687e9ae093fcd2678188c866fe28
  languageName: node
  linkType: hard

"npm-run-path@npm:^5.1.0":
  version: 5.3.0
  resolution: "npm-run-path@npm:5.3.0"
  dependencies:
    path-key: "npm:^4.0.0"
  checksum: 10c0/124df74820c40c2eb9a8612a254ea1d557ddfab1581c3e751f825e3e366d9f00b0d76a3c94ecd8398e7f3eee193018622677e95816e8491f0797b21e30b2deba
  languageName: node
  linkType: hard

"onetime@npm:^6.0.0":
  version: 6.0.0
  resolution: "onetime@npm:6.0.0"
  dependencies:
    mimic-fn: "npm:^4.0.0"
  checksum: 10c0/4eef7c6abfef697dd4479345a4100c382d73c149d2d56170a54a07418c50816937ad09500e1ed1e79d235989d073a9bade8557122aee24f0576ecde0f392bb6c
  languageName: node
  linkType: hard

"onetime@npm:^7.0.0":
  version: 7.0.0
  resolution: "onetime@npm:7.0.0"
  dependencies:
    mimic-function: "npm:^5.0.0"
  checksum: 10c0/5cb9179d74b63f52a196a2e7037ba2b9a893245a5532d3f44360012005c9cadb60851d56716ebff18a6f47129dab7168022445df47c2aff3b276d92585ed1221
  languageName: node
  linkType: hard

"path-key@npm:^3.1.0":
  version: 3.1.1
  resolution: "path-key@npm:3.1.1"
  checksum: 10c0/748c43efd5a569c039d7a00a03b58eecd1d75f3999f5a28303d75f521288df4823bc057d8784eb72358b2895a05f29a070bc9f1f17d28226cc4e62494cc58c4c
  languageName: node
  linkType: hard

"path-key@npm:^4.0.0":
  version: 4.0.0
  resolution: "path-key@npm:4.0.0"
  checksum: 10c0/794efeef32863a65ac312f3c0b0a99f921f3e827ff63afa5cb09a377e202c262b671f7b3832a4e64731003fa94af0263713962d317b9887bd1e0c48a342efba3
  languageName: node
  linkType: hard

"picomatch@npm:^2.3.1":
  version: 2.3.1
  resolution: "picomatch@npm:2.3.1"
  checksum: 10c0/26c02b8d06f03206fc2ab8d16f19960f2ff9e81a658f831ecb656d8f17d9edc799e8364b1f4a7873e89d9702dff96204be0fa26fe4181f6843f040f819dac4be
  languageName: node
  linkType: hard

"pidtree@npm:~0.6.0":
  version: 0.6.0
  resolution: "pidtree@npm:0.6.0"
  bin:
    pidtree: bin/pidtree.js
  checksum: 10c0/0829ec4e9209e230f74ebf4265f5ccc9ebfb488334b525cb13f86ff801dca44b362c41252cd43ae4d7653a10a5c6ab3be39d2c79064d6895e0d78dc50a5ed6e9
  languageName: node
  linkType: hard

"preact@npm:^10.10.0":
  version: 10.24.3
  resolution: "preact@npm:10.24.3"
  checksum: 10c0/c863df6d7be6a660480189762d8a8f2d4148733fc2bb9efbd9d2fd27315d2c7ede850a16077d716c91666c915c0349bd3c9699733e4f08457226a0519f408761
  languageName: node
  linkType: hard

"prettier-plugin-go-template@npm:^0.0.15":
  version: 0.0.15
  resolution: "prettier-plugin-go-template@npm:0.0.15"
  dependencies:
    ulid: "npm:^2.3.0"
  peerDependencies:
    prettier: ^3.0.0
  checksum: 10c0/1c8a65535ded9694a3eca929a4b8ae4220be777f09df3bf3a954faa6524e3ecb99973ce8c74fa2690676bc6c0d81ba16a1faa5673f7ba945dab5adee02d8ad74
  languageName: node
  linkType: hard

"prettier@npm:^3.4.2":
  version: 3.4.2
  resolution: "prettier@npm:3.4.2"
  bin:
    prettier: bin/prettier.cjs
  checksum: 10c0/99e076a26ed0aba4ebc043880d0f08bbb8c59a4c6641cdee6cdadf2205bdd87aa1d7823f50c3aea41e015e99878d37c58d7b5f0e663bba0ef047f94e36b96446
  languageName: node
  linkType: hard

"qs@npm:^6.5.1 < 6.10":
  version: 6.9.7
  resolution: "qs@npm:6.9.7"
  checksum: 10c0/d0274b3c2daa9e7b350fb695fc4b5f7a1e65e266d5798a07936975f0848bdca6d7ad41cded19ad4af6a6253b97e43b497e988e728eab7a286f277b6dddfbade4
  languageName: node
  linkType: hard

"regenerator-runtime@npm:^0.14.0":
  version: 0.14.1
  resolution: "regenerator-runtime@npm:0.14.1"
  checksum: 10c0/1b16eb2c4bceb1665c89de70dcb64126a22bc8eb958feef3cd68fe11ac6d2a4899b5cd1b80b0774c7c03591dc57d16631a7f69d2daa2ec98100e2f29f7ec4cc4
  languageName: node
  linkType: hard

"restore-cursor@npm:^5.0.0":
  version: 5.1.0
  resolution: "restore-cursor@npm:5.1.0"
  dependencies:
    onetime: "npm:^7.0.0"
    signal-exit: "npm:^4.1.0"
  checksum: 10c0/c2ba89131eea791d1b25205bdfdc86699767e2b88dee2a590b1a6caa51737deac8bad0260a5ded2f7c074b7db2f3a626bcf1fcf3cdf35974cbeea5e2e6764f60
  languageName: node
  linkType: hard

"rfdc@npm:^1.4.1":
  version: 1.4.1
  resolution: "rfdc@npm:1.4.1"
  checksum: 10c0/4614e4292356cafade0b6031527eea9bc90f2372a22c012313be1dcc69a3b90c7338158b414539be863fa95bfcb2ddcd0587be696841af4e6679d85e62c060c7
  languageName: node
  linkType: hard

"root-workspace-0b6124@workspace:.":
  version: 0.0.0-use.local
  resolution: "root-workspace-0b6124@workspace:."
  dependencies:
    "@algolia/client-search": "npm:^4.24.0"
    algoliasearch: "npm:^4.24.0"
    husky: "npm:^9.1.4"
    instantsearch.js: "npm:^4.74.0"
    lint-staged: "npm:^15.2.9"
    prettier: "npm:^3.4.2"
    prettier-plugin-go-template: "npm:^0.0.15"
  languageName: unknown
  linkType: soft

"search-insights@npm:^2.17.2":
  version: 2.17.3
  resolution: "search-insights@npm:2.17.3"
  checksum: 10c0/e33eb2541e2de97665bfefe80d9633396fc0300cdeac475155a439022561244d294d7878f69c6a395bd4b81eaec4c7d03d72621c1128603d101bb8a3201cd36d
  languageName: node
  linkType: hard

"shebang-command@npm:^2.0.0":
  version: 2.0.0
  resolution: "shebang-command@npm:2.0.0"
  dependencies:
    shebang-regex: "npm:^3.0.0"
  checksum: 10c0/a41692e7d89a553ef21d324a5cceb5f686d1f3c040759c50aab69688634688c5c327f26f3ecf7001ebfd78c01f3c7c0a11a7c8bfd0a8bc9f6240d4f40b224e4e
  languageName: node
  linkType: hard

"shebang-regex@npm:^3.0.0":
  version: 3.0.0
  resolution: "shebang-regex@npm:3.0.0"
  checksum: 10c0/1dbed0726dd0e1152a92696c76c7f06084eb32a90f0528d11acd764043aacf76994b2fb30aa1291a21bd019d6699164d048286309a278855ee7bec06cf6fb690
  languageName: node
  linkType: hard

"signal-exit@npm:^4.1.0":
  version: 4.1.0
  resolution: "signal-exit@npm:4.1.0"
  checksum: 10c0/41602dce540e46d599edba9d9860193398d135f7ff72cab629db5171516cfae628d21e7bfccde1bbfdf11c48726bc2a6d1a8fb8701125852fbfda7cf19c6aa83
  languageName: node
  linkType: hard

"slice-ansi@npm:^5.0.0":
  version: 5.0.0
  resolution: "slice-ansi@npm:5.0.0"
  dependencies:
    ansi-styles: "npm:^6.0.0"
    is-fullwidth-code-point: "npm:^4.0.0"
  checksum: 10c0/2d4d40b2a9d5cf4e8caae3f698fe24ae31a4d778701724f578e984dcb485ec8c49f0c04dab59c401821e80fcdfe89cace9c66693b0244e40ec485d72e543914f
  languageName: node
  linkType: hard

"slice-ansi@npm:^7.1.0":
  version: 7.1.0
  resolution: "slice-ansi@npm:7.1.0"
  dependencies:
    ansi-styles: "npm:^6.2.1"
    is-fullwidth-code-point: "npm:^5.0.0"
  checksum: 10c0/631c971d4abf56cf880f034d43fcc44ff883624867bf11ecbd538c47343911d734a4656d7bc02362b40b89d765652a7f935595441e519b59e2ad3f4d5d6fe7ca
  languageName: node
  linkType: hard

"string-argv@npm:~0.3.2":
  version: 0.3.2
  resolution: "string-argv@npm:0.3.2"
  checksum: 10c0/75c02a83759ad1722e040b86823909d9a2fc75d15dd71ec4b537c3560746e33b5f5a07f7332d1e3f88319909f82190843aa2f0a0d8c8d591ec08e93d5b8dec82
  languageName: node
  linkType: hard

"string-width@npm:^7.0.0":
  version: 7.2.0
  resolution: "string-width@npm:7.2.0"
  dependencies:
    emoji-regex: "npm:^10.3.0"
    get-east-asian-width: "npm:^1.0.0"
    strip-ansi: "npm:^7.1.0"
  checksum: 10c0/eb0430dd43f3199c7a46dcbf7a0b34539c76fe3aa62763d0b0655acdcbdf360b3f66f3d58ca25ba0205f42ea3491fa00f09426d3b7d3040e506878fc7664c9b9
  languageName: node
  linkType: hard

"strip-ansi@npm:^7.1.0":
  version: 7.1.0
  resolution: "strip-ansi@npm:7.1.0"
  dependencies:
    ansi-regex: "npm:^6.0.1"
  checksum: 10c0/a198c3762e8832505328cbf9e8c8381de14a4fa50a4f9b2160138158ea88c0f5549fb50cb13c651c3088f47e63a108b34622ec18c0499b6c8c3a5ddf6b305ac4
  languageName: node
  linkType: hard

"strip-final-newline@npm:^3.0.0":
  version: 3.0.0
  resolution: "strip-final-newline@npm:3.0.0"
  checksum: 10c0/a771a17901427bac6293fd416db7577e2bc1c34a19d38351e9d5478c3c415f523f391003b42ed475f27e33a78233035df183525395f731d3bfb8cdcbd4da08ce
  languageName: node
  linkType: hard

"to-regex-range@npm:^5.0.1":
  version: 5.0.1
  resolution: "to-regex-range@npm:5.0.1"
  dependencies:
    is-number: "npm:^7.0.0"
  checksum: 10c0/487988b0a19c654ff3e1961b87f471702e708fa8a8dd02a298ef16da7206692e8552a0250e8b3e8759270f62e9d8314616f6da274734d3b558b1fc7b7724e892
  languageName: node
  linkType: hard

"ulid@npm:^2.3.0":
  version: 2.3.0
  resolution: "ulid@npm:2.3.0"
  bin:
    ulid: ./bin/cli.js
  checksum: 10c0/070d237502781085e59cf3d8ece752ff96cd3a0990cf1c1be57273f4550597daeb72e9a7db8e5a320de31102509bb3321d280b54bfc44e98025e4628a9629773
  languageName: node
  linkType: hard

"which@npm:^2.0.1":
  version: 2.0.2
  resolution: "which@npm:2.0.2"
  dependencies:
    isexe: "npm:^2.0.0"
  bin:
    node-which: ./bin/node-which
  checksum: 10c0/66522872a768b60c2a65a57e8ad184e5372f5b6a9ca6d5f033d4b0dc98aff63995655a7503b9c0a2598936f532120e81dd8cc155e2e92ed662a2b9377cc4374f
  languageName: node
  linkType: hard

"wrap-ansi@npm:^9.0.0":
  version: 9.0.0
  resolution: "wrap-ansi@npm:9.0.0"
  dependencies:
    ansi-styles: "npm:^6.2.1"
    string-width: "npm:^7.0.0"
    strip-ansi: "npm:^7.1.0"
  checksum: 10c0/a139b818da9573677548dd463bd626a5a5286271211eb6e4e82f34a4f643191d74e6d4a9bb0a3c26ec90e6f904f679e0569674ac099ea12378a8b98e20706066
  languageName: node
  linkType: hard

"yaml@npm:~2.5.0":
  version: 2.5.1
  resolution: "yaml@npm:2.5.1"
  bin:
    yaml: bin.mjs
  checksum: 10c0/40fba5682898dbeeb3319e358a968fe886509fab6f58725732a15f8dda3abac509f91e76817c708c9959a15f786f38ff863c1b88062d7c1162c5334a7d09cb4a
  languageName: node
  linkType: hard
